
Microsoft Visual Studio Solution File, Format Version 12.00
# Visual Studio Version 17
VisualStudioVersion = 17.0.31314.256
MinimumVisualStudioVersion = 10.0.40219.1
Project("{2150E333-8FDC-42A3-9474-1A3956D46DE8}") = "Engine", "Engine", "{233774A8-CC9D-3FA9-86D1-90573E92B704}"
EndProject
Project("{2150E333-8FDC-42A3-9474-1A3956D46DE8}") = "Games", "Games", "{DE1F8B53-6C02-3C13-9101-A7C8D96F3FF6}"
EndProject
Project("{8BC9CEB8-8B4A-11D0-8D11-00A0C91BC942}") = "UE5", "Intermediate\ProjectFiles\UE5.vcxproj", "{960AE6EC-1FF2-334C-9EC2-8F8FC9211509}"
EndProject
Project("{8BC9CEB8-8B4A-11D0-8D11-00A0C91BC942}") = "BobAndAlice_5_2", "Intermediate\ProjectFiles\BobAndAlice_5_2.vcxproj", "{93A0E5EF-84EE-3DE2-8643-9DE9CC46782B}"
EndProject
Project("{2150E333-8FDC-42A3-9474-1A3956D46DE8}") = "Visualizers", "Visualizers", "{1CCEC849-CC72-4C59-8C36-2F7C38706D4C}"
	ProjectSection(SolutionItems) = preProject
		F:\EGS Games\UE_5.2\Engine\Extras\VisualStudioDebugging\Unreal.natvis = F:\EGS Games\UE_5.2\Engine\Extras\VisualStudioDebugging\Unreal.natvis
	EndProjectSection
EndProject
Global
	GlobalSection(SolutionConfigurationPlatforms) = preSolution
		DebugGame Editor|IOS = DebugGame Editor|IOS
		DebugGame Editor|Win64 = DebugGame Editor|Win64
		DebugGame|IOS = DebugGame|IOS
		DebugGame|Win64 = DebugGame|Win64
		Development Editor|IOS = Development Editor|IOS
		Development Editor|Win64 = Development Editor|Win64
		Development|IOS = Development|IOS
		Development|Win64 = Development|Win64
		Shipping|IOS = Shipping|IOS
		Shipping|Win64 = Shipping|Win64
	EndGlobalSection
	# UnrealVS Section
	GlobalSection(ddbf523f-7eb6-4887-bd51-85a714ff87eb) = preSolution
		AvailablePlatforms=Win64;IOS
	EndGlobalSection
	GlobalSection(ProjectConfigurationPlatforms) = postSolution
		{960AE6EC-1FF2-334C-9EC2-8F8FC9211509}.DebugGame Editor|IOS.ActiveCfg = BuiltWithUnrealBuildTool|Win64
		{960AE6EC-1FF2-334C-9EC2-8F8FC9211509}.DebugGame Editor|Win64.ActiveCfg = BuiltWithUnrealBuildTool|Win64
		{960AE6EC-1FF2-334C-9EC2-8F8FC9211509}.DebugGame|IOS.ActiveCfg = BuiltWithUnrealBuildTool|Win64
		{960AE6EC-1FF2-334C-9EC2-8F8FC9211509}.DebugGame|Win64.ActiveCfg = BuiltWithUnrealBuildTool|Win64
		{960AE6EC-1FF2-334C-9EC2-8F8FC9211509}.Development Editor|IOS.ActiveCfg = BuiltWithUnrealBuildTool|Win64
		{960AE6EC-1FF2-334C-9EC2-8F8FC9211509}.Development Editor|Win64.ActiveCfg = BuiltWithUnrealBuildTool|Win64
		{960AE6EC-1FF2-334C-9EC2-8F8FC9211509}.Development|IOS.ActiveCfg = BuiltWithUnrealBuildTool|Win64
		{960AE6EC-1FF2-334C-9EC2-8F8FC9211509}.Development|Win64.ActiveCfg = BuiltWithUnrealBuildTool|Win64
		{960AE6EC-1FF2-334C-9EC2-8F8FC9211509}.Shipping|IOS.ActiveCfg = BuiltWithUnrealBuildTool|Win64
		{960AE6EC-1FF2-334C-9EC2-8F8FC9211509}.Shipping|Win64.ActiveCfg = BuiltWithUnrealBuildTool|Win64
		{93A0E5EF-84EE-3DE2-8643-9DE9CC46782B}.DebugGame Editor|IOS.ActiveCfg = Invalid|x64
		{93A0E5EF-84EE-3DE2-8643-9DE9CC46782B}.DebugGame Editor|Win64.ActiveCfg = DebugGame_Editor|x64
		{93A0E5EF-84EE-3DE2-8643-9DE9CC46782B}.DebugGame Editor|Win64.Build.0 = DebugGame_Editor|x64
		{93A0E5EF-84EE-3DE2-8643-9DE9CC46782B}.DebugGame|IOS.ActiveCfg = IOS_DebugGame|Win64
		{93A0E5EF-84EE-3DE2-8643-9DE9CC46782B}.DebugGame|IOS.Build.0 = IOS_DebugGame|Win64
		{93A0E5EF-84EE-3DE2-8643-9DE9CC46782B}.DebugGame|Win64.ActiveCfg = DebugGame|x64
		{93A0E5EF-84EE-3DE2-8643-9DE9CC46782B}.DebugGame|Win64.Build.0 = DebugGame|x64
		{93A0E5EF-84EE-3DE2-8643-9DE9CC46782B}.Development Editor|IOS.ActiveCfg = Invalid|x64
		{93A0E5EF-84EE-3DE2-8643-9DE9CC46782B}.Development Editor|Win64.ActiveCfg = Development_Editor|x64
		{93A0E5EF-84EE-3DE2-8643-9DE9CC46782B}.Development Editor|Win64.Build.0 = Development_Editor|x64
		{93A0E5EF-84EE-3DE2-8643-9DE9CC46782B}.Development|IOS.ActiveCfg = IOS_Development|Win64
		{93A0E5EF-84EE-3DE2-8643-9DE9CC46782B}.Development|IOS.Build.0 = IOS_Development|Win64
		{93A0E5EF-84EE-3DE2-8643-9DE9CC46782B}.Development|Win64.ActiveCfg = Development|x64
		{93A0E5EF-84EE-3DE2-8643-9DE9CC46782B}.Development|Win64.Build.0 = Development|x64
		{93A0E5EF-84EE-3DE2-8643-9DE9CC46782B}.Shipping|IOS.ActiveCfg = IOS_Shipping|Win64
		{93A0E5EF-84EE-3DE2-8643-9DE9CC46782B}.Shipping|IOS.Build.0 = IOS_Shipping|Win64
		{93A0E5EF-84EE-3DE2-8643-9DE9CC46782B}.Shipping|Win64.ActiveCfg = Shipping|x64
		{93A0E5EF-84EE-3DE2-8643-9DE9CC46782B}.Shipping|Win64.Build.0 = Shipping|x64
	EndGlobalSection
	GlobalSection(SolutionProperties) = preSolution
		HideSolutionNode = FALSE
	EndGlobalSection
	GlobalSection(NestedProjects) = preSolution
		{960AE6EC-1FF2-334C-9EC2-8F8FC9211509} = {233774A8-CC9D-3FA9-86D1-90573E92B704}
		{93A0E5EF-84EE-3DE2-8643-9DE9CC46782B} = {DE1F8B53-6C02-3C13-9101-A7C8D96F3FF6}
	EndGlobalSection
EndGlobal
